
Microsoft Visual Studio Solution File, Format Version 12.00
# Visual Studio Version 16
VisualStudioVersion = 16.0.31205.134
MinimumVisualStudioVersion = 10.0.40219.1
Project("{FAE04EC0-301F-11D3-BF4B-00C04F79EFBC}") = "Simple.API", "Simple.API\Simple.API.csproj", "{BD353D71-F6CE-42AF-B85A-AD6B41F2A12C}"
EndProject
Global
	GlobalSection(SolutionConfigurationPlatforms) = preSolution
		Debug|Any CPU = Debug|Any CPU
		Release|Any CPU = Release|Any CPU
	EndGlobalSection
	GlobalSection(ProjectConfigurationPlatforms) = postSolution
		{BD353D71-F6CE-42AF-B85A-AD6B41F2A12C}.Debug|Any CPU.ActiveCfg = Debug|Any CPU
		{BD353D71-F6CE-42AF-B85A-AD6B41F2A12C}.Debug|Any CPU.Build.0 = Debug|Any CPU
		{BD353D71-F6CE-42AF-B85A-AD6B41F2A12C}.Release|Any CPU.ActiveCfg = Release|Any CPU
		{BD353D71-F6CE-42AF-B85A-AD6B41F2A12C}.Release|Any CPU.Build.0 = Release|Any CPU
	EndGlobalSection
	GlobalSection(SolutionProperties) = preSolution
		HideSolutionNode = FALSE
	EndGlobalSection
	GlobalSection(ExtensibilityGlobals) = postSolution
		SolutionGuid = {BB0D4EB7-45D0-4D11-BD17-6388578E32DD}
	EndGlobalSection
EndGlobal
